
Microsoft Visual Studio Solution File, Format Version 12.00
# Visual Studio Version 17
VisualStudioVersion = 17.0.32112.339
MinimumVisualStudioVersion = 10.0.40219.1
Project("{2150E333-8FDC-42A3-9474-1A3956D46DE8}") = "Microservices", "Microservices", "{D7B8573E-FE6F-4DF9-B2A6-384A768AE2D7}"
EndProject
Project("{2150E333-8FDC-42A3-9474-1A3956D46DE8}") = "Domain", "Domain", "{ED436CAC-0CEC-47E3-8BDC-C3C61D145BF0}"
EndProject
Project("{2150E333-8FDC-42A3-9474-1A3956D46DE8}") = "Infra.Bus", "Infra.Bus", "{8566D7F4-4EA1-42AE-9413-1DD7FF481B7D}"
EndProject
Project("{2150E333-8FDC-42A3-9474-1A3956D46DE8}") = "Presentation", "Presentation", "{7E0B9FF1-79C1-4624-8638-C440C1FB2DF0}"
EndProject
Project("{9A19103F-16F7-4668-BE54-9A1E7A4F7556}") = "MicroRabbit.Domain.Core", "MicroRabbit.Domain.Core\MicroRabbit.Domain.Core.csproj", "{A69342FA-E194-4113-80FB-CCB903AC5B6D}"
EndProject
Project("{9A19103F-16F7-4668-BE54-9A1E7A4F7556}") = "RabbitMQ.Infra.Bus", "RabbitMQ.Infra.Bus\RabbitMQ.Infra.Bus.csproj", "{9EC66CBE-C4C6-46B5-BA2A-89FC907A0D9B}"
EndProject
Project("{2150E333-8FDC-42A3-9474-1A3956D46DE8}") = "Infra.IoC", "Infra.IoC", "{737EEA21-557C-4907-826E-4FECABC735F5}"
EndProject
Project("{9A19103F-16F7-4668-BE54-9A1E7A4F7556}") = "MicroRabbit.Infra.IoC", "MicroRabbit.Infra.IoC\MicroRabbit.Infra.IoC.csproj", "{D4CFA01A-F570-4E66-8749-9ACFD9C1B91A}"
EndProject
Project("{2150E333-8FDC-42A3-9474-1A3956D46DE8}") = "Banking", "Banking", "{7EDB3FAF-4BFB-4329-8393-1051B4D7F29E}"
EndProject
Project("{2150E333-8FDC-42A3-9474-1A3956D46DE8}") = "API", "API", "{52B2AFAF-227A-42E3-A31C-F31A8EFA42D2}"
EndProject
Project("{2150E333-8FDC-42A3-9474-1A3956D46DE8}") = "Domain", "Domain", "{6A3FD969-DEE9-4F4B-AD12-FA2E071AF65D}"
EndProject
Project("{2150E333-8FDC-42A3-9474-1A3956D46DE8}") = "Application", "Application", "{0671338C-1719-4943-A653-51479573A6BA}"
EndProject
Project("{2150E333-8FDC-42A3-9474-1A3956D46DE8}") = "Data", "Data", "{F1CC7A45-7C1A-4792-8FEE-C72742F5E421}"
EndProject
Project("{9A19103F-16F7-4668-BE54-9A1E7A4F7556}") = "MicroRabbit.Banking.Api", "MicroRabbit.Banking.Api\MicroRabbit.Banking.Api.csproj", "{53C8D450-0D82-4E29-8374-89F9E246DEBD}"
EndProject
Project("{9A19103F-16F7-4668-BE54-9A1E7A4F7556}") = "MicroRabbit.Banking.Application", "MicroRabbit.Banking.Application\MicroRabbit.Banking.Application.csproj", "{05121247-149D-4045-9C2A-E4847D722348}"
EndProject
Project("{9A19103F-16F7-4668-BE54-9A1E7A4F7556}") = "MicroRabbit.Banking.Data", "MicroRabbit.Banking.Data\MicroRabbit.Banking.Data.csproj", "{6A985B6A-A25B-4D89-A2E7-2F751CB17B98}"
EndProject
Project("{9A19103F-16F7-4668-BE54-9A1E7A4F7556}") = "MicroRabbit.Banking.Domain", "MicroRabbit.Banking.Domain\MicroRabbit.Banking.Domain.csproj", "{635315A2-EA1A-4E03-B861-500835DCF94E}"
EndProject
Project("{2150E333-8FDC-42A3-9474-1A3956D46DE8}") = "Transfer", "Transfer", "{A6C2F818-034D-4ED4-A7DD-79881C0E1972}"
EndProject
Project("{2150E333-8FDC-42A3-9474-1A3956D46DE8}") = "Api", "Api", "{E5D71016-FAC6-4A7B-8951-0A83D9518C1D}"
EndProject
Project("{2150E333-8FDC-42A3-9474-1A3956D46DE8}") = "Application", "Application", "{EADE700F-05DA-4FC3-AEA7-3E82244073A0}"
EndProject
Project("{2150E333-8FDC-42A3-9474-1A3956D46DE8}") = "Data", "Data", "{73300D4C-8860-4715-B311-3118B825AA1D}"
EndProject
Project("{2150E333-8FDC-42A3-9474-1A3956D46DE8}") = "Domain", "Domain", "{0FAD65C7-FFF5-4241-84BD-81CAA0B48201}"
EndProject
Project("{FAE04EC0-301F-11D3-BF4B-00C04F79EFBC}") = "MicroRabbit.Transfer.Api", "MicroRabbit.Transfer.Api\MicroRabbit.Transfer.Api.csproj", "{5DC72510-3DC7-43DD-A688-D4673CA4D24E}"
EndProject
Project("{FAE04EC0-301F-11D3-BF4B-00C04F79EFBC}") = "MicroRabbit.Transfer.Application", "MicroRabbit.Transfer.Application\MicroRabbit.Transfer.Application.csproj", "{94D0BFE4-ABC7-4A99-A49E-02CA166F33C7}"
EndProject
Project("{FAE04EC0-301F-11D3-BF4B-00C04F79EFBC}") = "MicroRabbit.Transfer.Data", "MicroRabbit.Transfer.Data\MicroRabbit.Transfer.Data.csproj", "{5056B922-C976-4FE1-9B0B-78B0D3765E07}"
EndProject
Project("{FAE04EC0-301F-11D3-BF4B-00C04F79EFBC}") = "MicroRabbit.Transfer.Domain", "MicroRabbit.Transfer.Domain\MicroRabbit.Transfer.Domain.csproj", "{C00625B4-445A-431B-BFCB-CA2564E0625E}"
EndProject
Global
	GlobalSection(SolutionConfigurationPlatforms) = preSolution
		Debug|Any CPU = Debug|Any CPU
		Release|Any CPU = Release|Any CPU
	EndGlobalSection
	GlobalSection(ProjectConfigurationPlatforms) = postSolution
		{A69342FA-E194-4113-80FB-CCB903AC5B6D}.Debug|Any CPU.ActiveCfg = Debug|Any CPU
		{A69342FA-E194-4113-80FB-CCB903AC5B6D}.Debug|Any CPU.Build.0 = Debug|Any CPU
		{A69342FA-E194-4113-80FB-CCB903AC5B6D}.Release|Any CPU.ActiveCfg = Release|Any CPU
		{A69342FA-E194-4113-80FB-CCB903AC5B6D}.Release|Any CPU.Build.0 = Release|Any CPU
		{9EC66CBE-C4C6-46B5-BA2A-89FC907A0D9B}.Debug|Any CPU.ActiveCfg = Debug|Any CPU
		{9EC66CBE-C4C6-46B5-BA2A-89FC907A0D9B}.Debug|Any CPU.Build.0 = Debug|Any CPU
		{9EC66CBE-C4C6-46B5-BA2A-89FC907A0D9B}.Release|Any CPU.ActiveCfg = Release|Any CPU
		{9EC66CBE-C4C6-46B5-BA2A-89FC907A0D9B}.Release|Any CPU.Build.0 = Release|Any CPU
		{D4CFA01A-F570-4E66-8749-9ACFD9C1B91A}.Debug|Any CPU.ActiveCfg = Debug|Any CPU
		{D4CFA01A-F570-4E66-8749-9ACFD9C1B91A}.Debug|Any CPU.Build.0 = Debug|Any CPU
		{D4CFA01A-F570-4E66-8749-9ACFD9C1B91A}.Release|Any CPU.ActiveCfg = Release|Any CPU
		{D4CFA01A-F570-4E66-8749-9ACFD9C1B91A}.Release|Any CPU.Build.0 = Release|Any CPU
		{53C8D450-0D82-4E29-8374-89F9E246DEBD}.Debug|Any CPU.ActiveCfg = Debug|Any CPU
		{53C8D450-0D82-4E29-8374-89F9E246DEBD}.Debug|Any CPU.Build.0 = Debug|Any CPU
		{53C8D450-0D82-4E29-8374-89F9E246DEBD}.Release|Any CPU.ActiveCfg = Release|Any CPU
		{53C8D450-0D82-4E29-8374-89F9E246DEBD}.Release|Any CPU.Build.0 = Release|Any CPU
		{05121247-149D-4045-9C2A-E4847D722348}.Debug|Any CPU.ActiveCfg = Debug|Any CPU
		{05121247-149D-4045-9C2A-E4847D722348}.Debug|Any CPU.Build.0 = Debug|Any CPU
		{05121247-149D-4045-9C2A-E4847D722348}.Release|Any CPU.ActiveCfg = Release|Any CPU
		{05121247-149D-4045-9C2A-E4847D722348}.Release|Any CPU.Build.0 = Release|Any CPU
		{6A985B6A-A25B-4D89-A2E7-2F751CB17B98}.Debug|Any CPU.ActiveCfg = Debug|Any CPU
		{6A985B6A-A25B-4D89-A2E7-2F751CB17B98}.Debug|Any CPU.Build.0 = Debug|Any CPU
		{6A985B6A-A25B-4D89-A2E7-2F751CB17B98}.Release|Any CPU.ActiveCfg = Release|Any CPU
		{6A985B6A-A25B-4D89-A2E7-2F751CB17B98}.Release|Any CPU.Build.0 = Release|Any CPU
		{635315A2-EA1A-4E03-B861-500835DCF94E}.Debug|Any CPU.ActiveCfg = Debug|Any CPU
		{635315A2-EA1A-4E03-B861-500835DCF94E}.Debug|Any CPU.Build.0 = Debug|Any CPU
		{635315A2-EA1A-4E03-B861-500835DCF94E}.Release|Any CPU.ActiveCfg = Release|Any CPU
		{635315A2-EA1A-4E03-B861-500835DCF94E}.Release|Any CPU.Build.0 = Release|Any CPU
		{5DC72510-3DC7-43DD-A688-D4673CA4D24E}.Debug|Any CPU.ActiveCfg = Debug|Any CPU
		{5DC72510-3DC7-43DD-A688-D4673CA4D24E}.Debug|Any CPU.Build.0 = Debug|Any CPU
		{5DC72510-3DC7-43DD-A688-D4673CA4D24E}.Release|Any CPU.ActiveCfg = Release|Any CPU
		{5DC72510-3DC7-43DD-A688-D4673CA4D24E}.Release|Any CPU.Build.0 = Release|Any CPU
		{94D0BFE4-ABC7-4A99-A49E-02CA166F33C7}.Debug|Any CPU.ActiveCfg = Debug|Any CPU
		{94D0BFE4-ABC7-4A99-A49E-02CA166F33C7}.Debug|Any CPU.Build.0 = Debug|Any CPU
		{94D0BFE4-ABC7-4A99-A49E-02CA166F33C7}.Release|Any CPU.ActiveCfg = Release|Any CPU
		{94D0BFE4-ABC7-4A99-A49E-02CA166F33C7}.Release|Any CPU.Build.0 = Release|Any CPU
		{5056B922-C976-4FE1-9B0B-78B0D3765E07}.Debug|Any CPU.ActiveCfg = Debug|Any CPU
		{5056B922-C976-4FE1-9B0B-78B0D3765E07}.Debug|Any CPU.Build.0 = Debug|Any CPU
		{5056B922-C976-4FE1-9B0B-78B0D3765E07}.Release|Any CPU.ActiveCfg = Release|Any CPU
		{5056B922-C976-4FE1-9B0B-78B0D3765E07}.Release|Any CPU.Build.0 = Release|Any CPU
		{C00625B4-445A-431B-BFCB-CA2564E0625E}.Debug|Any CPU.ActiveCfg = Debug|Any CPU
		{C00625B4-445A-431B-BFCB-CA2564E0625E}.Debug|Any CPU.Build.0 = Debug|Any CPU
		{C00625B4-445A-431B-BFCB-CA2564E0625E}.Release|Any CPU.ActiveCfg = Release|Any CPU
		{C00625B4-445A-431B-BFCB-CA2564E0625E}.Release|Any CPU.Build.0 = Release|Any CPU
	EndGlobalSection
	GlobalSection(SolutionProperties) = preSolution
		HideSolutionNode = FALSE
	EndGlobalSection
	GlobalSection(NestedProjects) = preSolution
		{A69342FA-E194-4113-80FB-CCB903AC5B6D} = {ED436CAC-0CEC-47E3-8BDC-C3C61D145BF0}
		{9EC66CBE-C4C6-46B5-BA2A-89FC907A0D9B} = {8566D7F4-4EA1-42AE-9413-1DD7FF481B7D}
		{D4CFA01A-F570-4E66-8749-9ACFD9C1B91A} = {737EEA21-557C-4907-826E-4FECABC735F5}
		{7EDB3FAF-4BFB-4329-8393-1051B4D7F29E} = {D7B8573E-FE6F-4DF9-B2A6-384A768AE2D7}
		{52B2AFAF-227A-42E3-A31C-F31A8EFA42D2} = {7EDB3FAF-4BFB-4329-8393-1051B4D7F29E}
		{6A3FD969-DEE9-4F4B-AD12-FA2E071AF65D} = {7EDB3FAF-4BFB-4329-8393-1051B4D7F29E}
		{0671338C-1719-4943-A653-51479573A6BA} = {7EDB3FAF-4BFB-4329-8393-1051B4D7F29E}
		{F1CC7A45-7C1A-4792-8FEE-C72742F5E421} = {7EDB3FAF-4BFB-4329-8393-1051B4D7F29E}
		{53C8D450-0D82-4E29-8374-89F9E246DEBD} = {52B2AFAF-227A-42E3-A31C-F31A8EFA42D2}
		{05121247-149D-4045-9C2A-E4847D722348} = {0671338C-1719-4943-A653-51479573A6BA}
		{6A985B6A-A25B-4D89-A2E7-2F751CB17B98} = {F1CC7A45-7C1A-4792-8FEE-C72742F5E421}
		{635315A2-EA1A-4E03-B861-500835DCF94E} = {6A3FD969-DEE9-4F4B-AD12-FA2E071AF65D}
		{A6C2F818-034D-4ED4-A7DD-79881C0E1972} = {D7B8573E-FE6F-4DF9-B2A6-384A768AE2D7}
		{E5D71016-FAC6-4A7B-8951-0A83D9518C1D} = {A6C2F818-034D-4ED4-A7DD-79881C0E1972}
		{EADE700F-05DA-4FC3-AEA7-3E82244073A0} = {A6C2F818-034D-4ED4-A7DD-79881C0E1972}
		{73300D4C-8860-4715-B311-3118B825AA1D} = {A6C2F818-034D-4ED4-A7DD-79881C0E1972}
		{0FAD65C7-FFF5-4241-84BD-81CAA0B48201} = {A6C2F818-034D-4ED4-A7DD-79881C0E1972}
		{5DC72510-3DC7-43DD-A688-D4673CA4D24E} = {E5D71016-FAC6-4A7B-8951-0A83D9518C1D}
		{94D0BFE4-ABC7-4A99-A49E-02CA166F33C7} = {EADE700F-05DA-4FC3-AEA7-3E82244073A0}
		{5056B922-C976-4FE1-9B0B-78B0D3765E07} = {73300D4C-8860-4715-B311-3118B825AA1D}
		{C00625B4-445A-431B-BFCB-CA2564E0625E} = {0FAD65C7-FFF5-4241-84BD-81CAA0B48201}
	EndGlobalSection
	GlobalSection(ExtensibilityGlobals) = postSolution
		SolutionGuid = {2CD16373-A222-4520-A263-F638FA60E8B5}
	EndGlobalSection
EndGlobal
